
Microsoft Visual Studio Solution File, Format Version 12.00
# Visual Studio 14
VisualStudioVersion = 14.0.25420.1
MinimumVisualStudioVersion = 10.0.40219.1
Project("{6989167D-11E4-40FE-8C1A-2192A86A7E90}") = "PAKS", "PAKS\PAKS.vfproj", "{F769B69D-0C81-4B67-B3F9-9F882C239B2B}"
	ProjectSection(ProjectDependencies) = postProject
		{6CA7A740-1CB7-4122-BB6D-D1F2BCE31B6D} = {6CA7A740-1CB7-4122-BB6D-D1F2BCE31B6D}
	EndProjectSection
EndProject
Project("{6989167D-11E4-40FE-8C1A-2192A86A7E90}") = "MCM", "MCM\MCM.vfproj", "{6CA7A740-1CB7-4122-BB6D-D1F2BCE31B6D}"
EndProject
Project("{8BC9CEB8-8B4A-11D0-8D11-00A0C91BC942}") = "cplusplus", "cplusplus\cplusplus.vcxproj", "{DA8FDDC9-4FDE-4AE3-AE7F-79C8B700E9A6}"
EndProject
Project("{6989167D-11E4-40FE-8C1A-2192A86A7E90}") = "PAKV", "PAKV\PAKV.vfproj", "{C8084260-8971-458B-B080-3A86DE4BDA37}"
	ProjectSection(ProjectDependencies) = postProject
		{DA8FDDC9-4FDE-4AE3-AE7F-79C8B700E9A6} = {DA8FDDC9-4FDE-4AE3-AE7F-79C8B700E9A6}
	EndProjectSection
EndProject
Project("{6989167D-11E4-40FE-8C1A-2192A86A7E90}") = "PAKP", "PAKP\PAKP.vfproj", "{9676A0B6-8A39-4EE1-9EA1-3DAE4F0ACB9E}"
EndProject
Global
	GlobalSection(SolutionConfigurationPlatforms) = preSolution
		Debug|Win32 = Debug|Win32
		Debug|x64 = Debug|x64
		Profile|Win32 = Profile|Win32
		Profile|x64 = Profile|x64
		Release|Win32 = Release|Win32
		Release|x64 = Release|x64
	EndGlobalSection
	GlobalSection(ProjectConfigurationPlatforms) = postSolution
		{F769B69D-0C81-4B67-B3F9-9F882C239B2B}.Debug|Win32.ActiveCfg = Debug|Win32
		{F769B69D-0C81-4B67-B3F9-9F882C239B2B}.Debug|Win32.Build.0 = Debug|Win32
		{F769B69D-0C81-4B67-B3F9-9F882C239B2B}.Debug|x64.ActiveCfg = Debug|x64
		{F769B69D-0C81-4B67-B3F9-9F882C239B2B}.Debug|x64.Build.0 = Debug|x64
		{F769B69D-0C81-4B67-B3F9-9F882C239B2B}.Profile|Win32.ActiveCfg = Release|Win32
		{F769B69D-0C81-4B67-B3F9-9F882C239B2B}.Profile|Win32.Build.0 = Release|Win32
		{F769B69D-0C81-4B67-B3F9-9F882C239B2B}.Profile|x64.ActiveCfg = Release|Win32
		{F769B69D-0C81-4B67-B3F9-9F882C239B2B}.Release|Win32.ActiveCfg = Release|Win32
		{F769B69D-0C81-4B67-B3F9-9F882C239B2B}.Release|Win32.Build.0 = Release|Win32
		{F769B69D-0C81-4B67-B3F9-9F882C239B2B}.Release|x64.ActiveCfg = Release|x64
		{F769B69D-0C81-4B67-B3F9-9F882C239B2B}.Release|x64.Build.0 = Release|x64
		{6CA7A740-1CB7-4122-BB6D-D1F2BCE31B6D}.Debug|Win32.ActiveCfg = Debug|Win32
		{6CA7A740-1CB7-4122-BB6D-D1F2BCE31B6D}.Debug|Win32.Build.0 = Debug|Win32
		{6CA7A740-1CB7-4122-BB6D-D1F2BCE31B6D}.Debug|x64.ActiveCfg = Debug|x64
		{6CA7A740-1CB7-4122-BB6D-D1F2BCE31B6D}.Debug|x64.Build.0 = Debug|x64
		{6CA7A740-1CB7-4122-BB6D-D1F2BCE31B6D}.Profile|Win32.ActiveCfg = Release|Win32
		{6CA7A740-1CB7-4122-BB6D-D1F2BCE31B6D}.Profile|Win32.Build.0 = Release|Win32
		{6CA7A740-1CB7-4122-BB6D-D1F2BCE31B6D}.Profile|x64.ActiveCfg = Release|Win32
		{6CA7A740-1CB7-4122-BB6D-D1F2BCE31B6D}.Release|Win32.ActiveCfg = Release|Win32
		{6CA7A740-1CB7-4122-BB6D-D1F2BCE31B6D}.Release|Win32.Build.0 = Release|Win32
		{6CA7A740-1CB7-4122-BB6D-D1F2BCE31B6D}.Release|x64.ActiveCfg = Release|x64
		{6CA7A740-1CB7-4122-BB6D-D1F2BCE31B6D}.Release|x64.Build.0 = Release|x64
		{DA8FDDC9-4FDE-4AE3-AE7F-79C8B700E9A6}.Debug|Win32.ActiveCfg = Debug|Win32
		{DA8FDDC9-4FDE-4AE3-AE7F-79C8B700E9A6}.Debug|Win32.Build.0 = Debug|Win32
		{DA8FDDC9-4FDE-4AE3-AE7F-79C8B700E9A6}.Debug|x64.ActiveCfg = Debug|x64
		{DA8FDDC9-4FDE-4AE3-AE7F-79C8B700E9A6}.Debug|x64.Build.0 = Debug|x64
		{DA8FDDC9-4FDE-4AE3-AE7F-79C8B700E9A6}.Profile|Win32.ActiveCfg = Release|Win32
		{DA8FDDC9-4FDE-4AE3-AE7F-79C8B700E9A6}.Profile|Win32.Build.0 = Release|Win32
		{DA8FDDC9-4FDE-4AE3-AE7F-79C8B700E9A6}.Profile|x64.ActiveCfg = Release|x64
		{DA8FDDC9-4FDE-4AE3-AE7F-79C8B700E9A6}.Profile|x64.Build.0 = Release|x64
		{DA8FDDC9-4FDE-4AE3-AE7F-79C8B700E9A6}.Release|Win32.ActiveCfg = Release|Win32
		{DA8FDDC9-4FDE-4AE3-AE7F-79C8B700E9A6}.Release|Win32.Build.0 = Release|Win32
		{DA8FDDC9-4FDE-4AE3-AE7F-79C8B700E9A6}.Release|x64.ActiveCfg = Release|x64
		{DA8FDDC9-4FDE-4AE3-AE7F-79C8B700E9A6}.Release|x64.Build.0 = Release|x64
		{C8084260-8971-458B-B080-3A86DE4BDA37}.Debug|Win32.ActiveCfg = Debug|Win32
		{C8084260-8971-458B-B080-3A86DE4BDA37}.Debug|Win32.Build.0 = Debug|Win32
		{C8084260-8971-458B-B080-3A86DE4BDA37}.Debug|x64.ActiveCfg = Debug|x64
		{C8084260-8971-458B-B080-3A86DE4BDA37}.Debug|x64.Build.0 = Debug|x64
		{C8084260-8971-458B-B080-3A86DE4BDA37}.Profile|Win32.ActiveCfg = Release|Win32
		{C8084260-8971-458B-B080-3A86DE4BDA37}.Profile|Win32.Build.0 = Release|Win32
		{C8084260-8971-458B-B080-3A86DE4BDA37}.Profile|x64.ActiveCfg = Release|x64
		{C8084260-8971-458B-B080-3A86DE4BDA37}.Profile|x64.Build.0 = Release|x64
		{C8084260-8971-458B-B080-3A86DE4BDA37}.Release|Win32.ActiveCfg = Release|Win32
		{C8084260-8971-458B-B080-3A86DE4BDA37}.Release|Win32.Build.0 = Release|Win32
		{C8084260-8971-458B-B080-3A86DE4BDA37}.Release|x64.ActiveCfg = Release|x64
		{C8084260-8971-458B-B080-3A86DE4BDA37}.Release|x64.Build.0 = Release|x64
		{9676A0B6-8A39-4EE1-9EA1-3DAE4F0ACB9E}.Debug|Win32.ActiveCfg = Debug|Win32
		{9676A0B6-8A39-4EE1-9EA1-3DAE4F0ACB9E}.Debug|Win32.Build.0 = Debug|Win32
		{9676A0B6-8A39-4EE1-9EA1-3DAE4F0ACB9E}.Debug|x64.ActiveCfg = Debug|x64
		{9676A0B6-8A39-4EE1-9EA1-3DAE4F0ACB9E}.Debug|x64.Build.0 = Debug|x64
		{9676A0B6-8A39-4EE1-9EA1-3DAE4F0ACB9E}.Profile|Win32.ActiveCfg = Release|Win32
		{9676A0B6-8A39-4EE1-9EA1-3DAE4F0ACB9E}.Profile|Win32.Build.0 = Release|Win32
		{9676A0B6-8A39-4EE1-9EA1-3DAE4F0ACB9E}.Profile|x64.ActiveCfg = Release|Win32
		{9676A0B6-8A39-4EE1-9EA1-3DAE4F0ACB9E}.Profile|x64.Build.0 = Release|Win32
		{9676A0B6-8A39-4EE1-9EA1-3DAE4F0ACB9E}.Release|Win32.ActiveCfg = Release|Win32
		{9676A0B6-8A39-4EE1-9EA1-3DAE4F0ACB9E}.Release|Win32.Build.0 = Release|Win32
		{9676A0B6-8A39-4EE1-9EA1-3DAE4F0ACB9E}.Release|x64.ActiveCfg = Release|x64
		{9676A0B6-8A39-4EE1-9EA1-3DAE4F0ACB9E}.Release|x64.Build.0 = Release|x64
	EndGlobalSection
	GlobalSection(SolutionProperties) = preSolution
		HideSolutionNode = FALSE
	EndGlobalSection
EndGlobal
