Microsoft Visual Studio Solution File, Format Version 12.00
# Visual Studio 14
Project("{8BC9CEB8-8B4A-11D0-8D11-00A0C91BC942}") = "ALL_BUILD", "ALL_BUILD.vcxproj", "{9737C131-E23C-3857-A8EC-B46CBC27F5DE}"
	ProjectSection(ProjectDependencies) = postProject
		{FC814A0A-F0A9-3EDE-814E-DABECF09330D} = {FC814A0A-F0A9-3EDE-814E-DABECF09330D}
		{C2FF7C9C-4B68-3182-BF81-3CC0BB522A29} = {C2FF7C9C-4B68-3182-BF81-3CC0BB522A29}
		{2AD112A2-FD5F-3CE0-A115-442BB8A8E908} = {2AD112A2-FD5F-3CE0-A115-442BB8A8E908}
		{419CB62F-66B8-3FCB-A8FA-4A130072BBA2} = {419CB62F-66B8-3FCB-A8FA-4A130072BBA2}
		{408F1E0C-2E71-3C1F-B3A3-F4EE80E8C8C8} = {408F1E0C-2E71-3C1F-B3A3-F4EE80E8C8C8}
		{596BABBD-5228-39C9-9076-1D6A5575E86D} = {596BABBD-5228-39C9-9076-1D6A5575E86D}
		{D70C5A6E-7C43-3DA7-B46A-2427A02B9D48} = {D70C5A6E-7C43-3DA7-B46A-2427A02B9D48}
		{426BF409-94EA-31BD-8E17-8E5CDD8EFA3E} = {426BF409-94EA-31BD-8E17-8E5CDD8EFA3E}
	EndProjectSection
EndProject
Project("{8BC9CEB8-8B4A-11D0-8D11-00A0C91BC942}") = "INSTALL", "INSTALL.vcxproj", "{DB1B295C-2732-3090-93B1-638EDB2DBFC7}"
	ProjectSection(ProjectDependencies) = postProject
		{9737C131-E23C-3857-A8EC-B46CBC27F5DE} = {9737C131-E23C-3857-A8EC-B46CBC27F5DE}
		{D70C5A6E-7C43-3DA7-B46A-2427A02B9D48} = {D70C5A6E-7C43-3DA7-B46A-2427A02B9D48}
	EndProjectSection
EndProject
Project("{8BC9CEB8-8B4A-11D0-8D11-00A0C91BC942}") = "LIBMPISEQ_C", "LIBMPISEQ_C.vcxproj", "{FC814A0A-F0A9-3EDE-814E-DABECF09330D}"
	ProjectSection(ProjectDependencies) = postProject
		{D70C5A6E-7C43-3DA7-B46A-2427A02B9D48} = {D70C5A6E-7C43-3DA7-B46A-2427A02B9D48}
	EndProjectSection
EndProject
Project("{6989167D-11E4-40FE-8C1A-2192A86A7E90}") = "LIBMPISEQ_FORTRAN", "LIBMPISEQ_FORTRAN.vfproj", "{C2FF7C9C-4B68-3182-BF81-3CC0BB522A29}"
	ProjectSection(ProjectDependencies) = postProject
		{D70C5A6E-7C43-3DA7-B46A-2427A02B9D48} = {D70C5A6E-7C43-3DA7-B46A-2427A02B9D48}
	EndProjectSection
EndProject
Project("{8BC9CEB8-8B4A-11D0-8D11-00A0C91BC942}") = "MUMPS_COMMON_OBJ_C", "MUMPS_COMMON_OBJ_C.vcxproj", "{2AD112A2-FD5F-3CE0-A115-442BB8A8E908}"
	ProjectSection(ProjectDependencies) = postProject
		{D70C5A6E-7C43-3DA7-B46A-2427A02B9D48} = {D70C5A6E-7C43-3DA7-B46A-2427A02B9D48}
	EndProjectSection
EndProject
Project("{6989167D-11E4-40FE-8C1A-2192A86A7E90}") = "MUMPS_COMMON_OBJ_FORTRAN", "MUMPS_COMMON_OBJ_FORTRAN.vfproj", "{419CB62F-66B8-3FCB-A8FA-4A130072BBA2}"
	ProjectSection(ProjectDependencies) = postProject
		{D70C5A6E-7C43-3DA7-B46A-2427A02B9D48} = {D70C5A6E-7C43-3DA7-B46A-2427A02B9D48}
	EndProjectSection
EndProject
Project("{6989167D-11E4-40FE-8C1A-2192A86A7E90}") = "MUMPS_SPECIFIC_OBJ_FORTRAN", "MUMPS_SPECIFIC_OBJ_FORTRAN.vfproj", "{408F1E0C-2E71-3C1F-B3A3-F4EE80E8C8C8}"
	ProjectSection(ProjectDependencies) = postProject
		{D70C5A6E-7C43-3DA7-B46A-2427A02B9D48} = {D70C5A6E-7C43-3DA7-B46A-2427A02B9D48}
	EndProjectSection
EndProject
Project("{8BC9CEB8-8B4A-11D0-8D11-00A0C91BC942}") = "PORD_C", "PORD_C.vcxproj", "{596BABBD-5228-39C9-9076-1D6A5575E86D}"
	ProjectSection(ProjectDependencies) = postProject
		{D70C5A6E-7C43-3DA7-B46A-2427A02B9D48} = {D70C5A6E-7C43-3DA7-B46A-2427A02B9D48}
	EndProjectSection
EndProject
Project("{8BC9CEB8-8B4A-11D0-8D11-00A0C91BC942}") = "ZERO_CHECK", "ZERO_CHECK.vcxproj", "{D70C5A6E-7C43-3DA7-B46A-2427A02B9D48}"
	ProjectSection(ProjectDependencies) = postProject
	EndProjectSection
EndProject
Project("{8BC9CEB8-8B4A-11D0-8D11-00A0C91BC942}") = "libdmumps", "libdmumps.vcxproj", "{426BF409-94EA-31BD-8E17-8E5CDD8EFA3E}"
	ProjectSection(ProjectDependencies) = postProject
		{FC814A0A-F0A9-3EDE-814E-DABECF09330D} = {FC814A0A-F0A9-3EDE-814E-DABECF09330D}
		{C2FF7C9C-4B68-3182-BF81-3CC0BB522A29} = {C2FF7C9C-4B68-3182-BF81-3CC0BB522A29}
		{2AD112A2-FD5F-3CE0-A115-442BB8A8E908} = {2AD112A2-FD5F-3CE0-A115-442BB8A8E908}
		{419CB62F-66B8-3FCB-A8FA-4A130072BBA2} = {419CB62F-66B8-3FCB-A8FA-4A130072BBA2}
		{408F1E0C-2E71-3C1F-B3A3-F4EE80E8C8C8} = {408F1E0C-2E71-3C1F-B3A3-F4EE80E8C8C8}
		{596BABBD-5228-39C9-9076-1D6A5575E86D} = {596BABBD-5228-39C9-9076-1D6A5575E86D}
		{D70C5A6E-7C43-3DA7-B46A-2427A02B9D48} = {D70C5A6E-7C43-3DA7-B46A-2427A02B9D48}
	EndProjectSection
EndProject
Global
	GlobalSection(SolutionConfigurationPlatforms) = preSolution
		Debug|Win32 = Debug|Win32
		Release|Win32 = Release|Win32
		MinSizeRel|Win32 = MinSizeRel|Win32
		RelWithDebInfo|Win32 = RelWithDebInfo|Win32
	EndGlobalSection
	GlobalSection(ProjectConfigurationPlatforms) = postSolution
		{9737C131-E23C-3857-A8EC-B46CBC27F5DE}.Debug|Win32.ActiveCfg = Debug|Win32
		{9737C131-E23C-3857-A8EC-B46CBC27F5DE}.Debug|Win32.Build.0 = Debug|Win32
		{9737C131-E23C-3857-A8EC-B46CBC27F5DE}.Release|Win32.ActiveCfg = Release|Win32
		{9737C131-E23C-3857-A8EC-B46CBC27F5DE}.Release|Win32.Build.0 = Release|Win32
		{9737C131-E23C-3857-A8EC-B46CBC27F5DE}.MinSizeRel|Win32.ActiveCfg = MinSizeRel|Win32
		{9737C131-E23C-3857-A8EC-B46CBC27F5DE}.MinSizeRel|Win32.Build.0 = MinSizeRel|Win32
		{9737C131-E23C-3857-A8EC-B46CBC27F5DE}.RelWithDebInfo|Win32.ActiveCfg = RelWithDebInfo|Win32
		{9737C131-E23C-3857-A8EC-B46CBC27F5DE}.RelWithDebInfo|Win32.Build.0 = RelWithDebInfo|Win32
		{DB1B295C-2732-3090-93B1-638EDB2DBFC7}.Debug|Win32.ActiveCfg = Debug|Win32
		{DB1B295C-2732-3090-93B1-638EDB2DBFC7}.Release|Win32.ActiveCfg = Release|Win32
		{DB1B295C-2732-3090-93B1-638EDB2DBFC7}.MinSizeRel|Win32.ActiveCfg = MinSizeRel|Win32
		{DB1B295C-2732-3090-93B1-638EDB2DBFC7}.RelWithDebInfo|Win32.ActiveCfg = RelWithDebInfo|Win32
		{FC814A0A-F0A9-3EDE-814E-DABECF09330D}.Debug|Win32.ActiveCfg = Debug|Win32
		{FC814A0A-F0A9-3EDE-814E-DABECF09330D}.Debug|Win32.Build.0 = Debug|Win32
		{FC814A0A-F0A9-3EDE-814E-DABECF09330D}.Release|Win32.ActiveCfg = Release|Win32
		{FC814A0A-F0A9-3EDE-814E-DABECF09330D}.Release|Win32.Build.0 = Release|Win32
		{FC814A0A-F0A9-3EDE-814E-DABECF09330D}.MinSizeRel|Win32.ActiveCfg = MinSizeRel|Win32
		{FC814A0A-F0A9-3EDE-814E-DABECF09330D}.MinSizeRel|Win32.Build.0 = MinSizeRel|Win32
		{FC814A0A-F0A9-3EDE-814E-DABECF09330D}.RelWithDebInfo|Win32.ActiveCfg = RelWithDebInfo|Win32
		{FC814A0A-F0A9-3EDE-814E-DABECF09330D}.RelWithDebInfo|Win32.Build.0 = RelWithDebInfo|Win32
		{C2FF7C9C-4B68-3182-BF81-3CC0BB522A29}.Debug|Win32.ActiveCfg = Debug|Win32
		{C2FF7C9C-4B68-3182-BF81-3CC0BB522A29}.Debug|Win32.Build.0 = Debug|Win32
		{C2FF7C9C-4B68-3182-BF81-3CC0BB522A29}.Release|Win32.ActiveCfg = Release|Win32
		{C2FF7C9C-4B68-3182-BF81-3CC0BB522A29}.Release|Win32.Build.0 = Release|Win32
		{C2FF7C9C-4B68-3182-BF81-3CC0BB522A29}.MinSizeRel|Win32.ActiveCfg = MinSizeRel|Win32
		{C2FF7C9C-4B68-3182-BF81-3CC0BB522A29}.MinSizeRel|Win32.Build.0 = MinSizeRel|Win32
		{C2FF7C9C-4B68-3182-BF81-3CC0BB522A29}.RelWithDebInfo|Win32.ActiveCfg = RelWithDebInfo|Win32
		{C2FF7C9C-4B68-3182-BF81-3CC0BB522A29}.RelWithDebInfo|Win32.Build.0 = RelWithDebInfo|Win32
		{2AD112A2-FD5F-3CE0-A115-442BB8A8E908}.Debug|Win32.ActiveCfg = Debug|Win32
		{2AD112A2-FD5F-3CE0-A115-442BB8A8E908}.Debug|Win32.Build.0 = Debug|Win32
		{2AD112A2-FD5F-3CE0-A115-442BB8A8E908}.Release|Win32.ActiveCfg = Release|Win32
		{2AD112A2-FD5F-3CE0-A115-442BB8A8E908}.Release|Win32.Build.0 = Release|Win32
		{2AD112A2-FD5F-3CE0-A115-442BB8A8E908}.MinSizeRel|Win32.ActiveCfg = MinSizeRel|Win32
		{2AD112A2-FD5F-3CE0-A115-442BB8A8E908}.MinSizeRel|Win32.Build.0 = MinSizeRel|Win32
		{2AD112A2-FD5F-3CE0-A115-442BB8A8E908}.RelWithDebInfo|Win32.ActiveCfg = RelWithDebInfo|Win32
		{2AD112A2-FD5F-3CE0-A115-442BB8A8E908}.RelWithDebInfo|Win32.Build.0 = RelWithDebInfo|Win32
		{419CB62F-66B8-3FCB-A8FA-4A130072BBA2}.Debug|Win32.ActiveCfg = Debug|Win32
		{419CB62F-66B8-3FCB-A8FA-4A130072BBA2}.Debug|Win32.Build.0 = Debug|Win32
		{419CB62F-66B8-3FCB-A8FA-4A130072BBA2}.Release|Win32.ActiveCfg = Release|Win32
		{419CB62F-66B8-3FCB-A8FA-4A130072BBA2}.Release|Win32.Build.0 = Release|Win32
		{419CB62F-66B8-3FCB-A8FA-4A130072BBA2}.MinSizeRel|Win32.ActiveCfg = MinSizeRel|Win32
		{419CB62F-66B8-3FCB-A8FA-4A130072BBA2}.MinSizeRel|Win32.Build.0 = MinSizeRel|Win32
		{419CB62F-66B8-3FCB-A8FA-4A130072BBA2}.RelWithDebInfo|Win32.ActiveCfg = RelWithDebInfo|Win32
		{419CB62F-66B8-3FCB-A8FA-4A130072BBA2}.RelWithDebInfo|Win32.Build.0 = RelWithDebInfo|Win32
		{408F1E0C-2E71-3C1F-B3A3-F4EE80E8C8C8}.Debug|Win32.ActiveCfg = Debug|Win32
		{408F1E0C-2E71-3C1F-B3A3-F4EE80E8C8C8}.Debug|Win32.Build.0 = Debug|Win32
		{408F1E0C-2E71-3C1F-B3A3-F4EE80E8C8C8}.Release|Win32.ActiveCfg = Release|Win32
		{408F1E0C-2E71-3C1F-B3A3-F4EE80E8C8C8}.Release|Win32.Build.0 = Release|Win32
		{408F1E0C-2E71-3C1F-B3A3-F4EE80E8C8C8}.MinSizeRel|Win32.ActiveCfg = MinSizeRel|Win32
		{408F1E0C-2E71-3C1F-B3A3-F4EE80E8C8C8}.MinSizeRel|Win32.Build.0 = MinSizeRel|Win32
		{408F1E0C-2E71-3C1F-B3A3-F4EE80E8C8C8}.RelWithDebInfo|Win32.ActiveCfg = RelWithDebInfo|Win32
		{408F1E0C-2E71-3C1F-B3A3-F4EE80E8C8C8}.RelWithDebInfo|Win32.Build.0 = RelWithDebInfo|Win32
		{596BABBD-5228-39C9-9076-1D6A5575E86D}.Debug|Win32.ActiveCfg = Debug|Win32
		{596BABBD-5228-39C9-9076-1D6A5575E86D}.Debug|Win32.Build.0 = Debug|Win32
		{596BABBD-5228-39C9-9076-1D6A5575E86D}.Release|Win32.ActiveCfg = Release|Win32
		{596BABBD-5228-39C9-9076-1D6A5575E86D}.Release|Win32.Build.0 = Release|Win32
		{596BABBD-5228-39C9-9076-1D6A5575E86D}.MinSizeRel|Win32.ActiveCfg = MinSizeRel|Win32
		{596BABBD-5228-39C9-9076-1D6A5575E86D}.MinSizeRel|Win32.Build.0 = MinSizeRel|Win32
		{596BABBD-5228-39C9-9076-1D6A5575E86D}.RelWithDebInfo|Win32.ActiveCfg = RelWithDebInfo|Win32
		{596BABBD-5228-39C9-9076-1D6A5575E86D}.RelWithDebInfo|Win32.Build.0 = RelWithDebInfo|Win32
		{D70C5A6E-7C43-3DA7-B46A-2427A02B9D48}.Debug|Win32.ActiveCfg = Debug|Win32
		{D70C5A6E-7C43-3DA7-B46A-2427A02B9D48}.Debug|Win32.Build.0 = Debug|Win32
		{D70C5A6E-7C43-3DA7-B46A-2427A02B9D48}.Release|Win32.ActiveCfg = Release|Win32
		{D70C5A6E-7C43-3DA7-B46A-2427A02B9D48}.Release|Win32.Build.0 = Release|Win32
		{D70C5A6E-7C43-3DA7-B46A-2427A02B9D48}.MinSizeRel|Win32.ActiveCfg = MinSizeRel|Win32
		{D70C5A6E-7C43-3DA7-B46A-2427A02B9D48}.MinSizeRel|Win32.Build.0 = MinSizeRel|Win32
		{D70C5A6E-7C43-3DA7-B46A-2427A02B9D48}.RelWithDebInfo|Win32.ActiveCfg = RelWithDebInfo|Win32
		{D70C5A6E-7C43-3DA7-B46A-2427A02B9D48}.RelWithDebInfo|Win32.Build.0 = RelWithDebInfo|Win32
		{426BF409-94EA-31BD-8E17-8E5CDD8EFA3E}.Debug|Win32.ActiveCfg = Debug|Win32
		{426BF409-94EA-31BD-8E17-8E5CDD8EFA3E}.Debug|Win32.Build.0 = Debug|Win32
		{426BF409-94EA-31BD-8E17-8E5CDD8EFA3E}.Release|Win32.ActiveCfg = Release|Win32
		{426BF409-94EA-31BD-8E17-8E5CDD8EFA3E}.Release|Win32.Build.0 = Release|Win32
		{426BF409-94EA-31BD-8E17-8E5CDD8EFA3E}.MinSizeRel|Win32.ActiveCfg = MinSizeRel|Win32
		{426BF409-94EA-31BD-8E17-8E5CDD8EFA3E}.MinSizeRel|Win32.Build.0 = MinSizeRel|Win32
		{426BF409-94EA-31BD-8E17-8E5CDD8EFA3E}.RelWithDebInfo|Win32.ActiveCfg = RelWithDebInfo|Win32
		{426BF409-94EA-31BD-8E17-8E5CDD8EFA3E}.RelWithDebInfo|Win32.Build.0 = RelWithDebInfo|Win32
	EndGlobalSection
	GlobalSection(ExtensibilityGlobals) = postSolution
		SolutionGuid = {E0B50330-2A24-3620-9BE4-9FD3E67C5D94}
	EndGlobalSection
	GlobalSection(ExtensibilityAddIns) = postSolution
	EndGlobalSection
EndGlobal
