<?xml version="1.0" encoding="utf-8"?>
<Project ToolsVersion="14.0" xmlns="http://schemas.microsoft.com/developer/msbuild/2003">
  <ItemGroup>
    <ClCompile Include="E:\PAK\MUMPS3\PORD\lib\bucket.c">
      <Filter>Source Files</Filter>
    </ClCompile>
    <ClCompile Include="E:\PAK\MUMPS3\PORD\lib\ddbisect.c">
      <Filter>Source Files</Filter>
    </ClCompile>
    <ClCompile Include="E:\PAK\MUMPS3\PORD\lib\ddcreate.c">
      <Filter>Source Files</Filter>
    </ClCompile>
    <ClCompile Include="E:\PAK\MUMPS3\PORD\lib\gbipart.c">
      <Filter>Source Files</Filter>
    </ClCompile>
    <ClCompile Include="E:\PAK\MUMPS3\PORD\lib\gbisect.c">
      <Filter>Source Files</Filter>
    </ClCompile>
    <ClCompile Include="E:\PAK\MUMPS3\PORD\lib\gelim.c">
      <Filter>Source Files</Filter>
    </ClCompile>
    <ClCompile Include="E:\PAK\MUMPS3\PORD\lib\graph.c">
      <Filter>Source Files</Filter>
    </ClCompile>
    <ClCompile Include="E:\PAK\MUMPS3\PORD\lib\interface.c">
      <Filter>Source Files</Filter>
    </ClCompile>
    <ClCompile Include="E:\PAK\MUMPS3\PORD\lib\minpriority.c">
      <Filter>Source Files</Filter>
    </ClCompile>
    <ClCompile Include="E:\PAK\MUMPS3\PORD\lib\multisector.c">
      <Filter>Source Files</Filter>
    </ClCompile>
    <ClCompile Include="E:\PAK\MUMPS3\PORD\lib\nestdiss.c">
      <Filter>Source Files</Filter>
    </ClCompile>
    <ClCompile Include="E:\PAK\MUMPS3\PORD\lib\sort.c">
      <Filter>Source Files</Filter>
    </ClCompile>
    <ClCompile Include="E:\PAK\MUMPS3\PORD\lib\symbfac.c">
      <Filter>Source Files</Filter>
    </ClCompile>
    <ClCompile Include="E:\PAK\MUMPS3\PORD\lib\tree.c">
      <Filter>Source Files</Filter>
    </ClCompile>
  </ItemGroup>
  <ItemGroup>
    <ClInclude Include="E:\PAK\MUMPS3\PORD\include\const.h">
      <Filter>Header Files</Filter>
    </ClInclude>
    <ClInclude Include="E:\PAK\MUMPS3\PORD\include\eval.h">
      <Filter>Header Files</Filter>
    </ClInclude>
    <ClInclude Include="E:\PAK\MUMPS3\PORD\include\macros.h">
      <Filter>Header Files</Filter>
    </ClInclude>
    <ClInclude Include="E:\PAK\MUMPS3\PORD\include\params.h">
      <Filter>Header Files</Filter>
    </ClInclude>
    <ClInclude Include="E:\PAK\MUMPS3\PORD\include\protos.h">
      <Filter>Header Files</Filter>
    </ClInclude>
    <ClInclude Include="E:\PAK\MUMPS3\PORD\include\space.h">
      <Filter>Header Files</Filter>
    </ClInclude>
    <ClInclude Include="E:\PAK\MUMPS3\PORD\include\types.h">
      <Filter>Header Files</Filter>
    </ClInclude>
  </ItemGroup>
  <ItemGroup>
    <CustomBuild Include="E:\PAK\MUMPS3\CMakeLists.txt" />
  </ItemGroup>
  <ItemGroup>
    <Filter Include="Header Files">
      <UniqueIdentifier>{31DF9DD1-3ACE-3FCA-B471-4A68B9A021BB}</UniqueIdentifier>
    </Filter>
    <Filter Include="Source Files">
      <UniqueIdentifier>{425551DF-D42D-332C-A793-615384257676}</UniqueIdentifier>
    </Filter>
  </ItemGroup>
</Project>
